github.com/labstack/echo/v4 v4.15.4/go.mod h1:CuMetKIRwsuO/qlAgMq+KTAalwGoB/h4tC+yPdrTj1g=
github.com/labstack/echo/v5 v5.3.1 h1:75maCxkQVGualckLc/5s/ihgpH1a1Dc6AuGWNVNs6bw=
github.com/labstack/echo/v5 v5.3.1/go.mod h1:4iEGNQiPPZnkfYpNR/L6fINd3NLiGWUD5+eBotFALas=
github.com/labstack/gommon v0.5.0/go.mod h1:Rzlg7HHy1maLfzBYGg9NZcVuz1sA68HHhLjhcEllYE0=
github.com/mattn/go-colorable v0.1.15/go.mod h1:6LmQG8QLFO4G5z1gPvYEzlUgJ2wF+stgPZH1UqBm1s8=
github.com/mattn/go-isatty v0.0.22/go.mod h1:ZXfXG4SQHsB/w3ZeOYbR0PrPwLy+n6xiMrJlRFqopa4=
github.com/valyala/bytebufferpool v1.0.0/go.mod h1:6bBcMArwyJ5K/AmCkWv1jt77kVWyCJ6HpOuEn7z0Csc=
github.com/valyala/fasttemplate v1.2.2/go.mod h1:KHLXt3tVN2HBp8eijSv/kGJopbvo7S+qRAEEKiv+SiQ=
golang.org/x/crypto v0.54.0/go.mod h1:KWL8ny2AZdGR2cWmzeHrp2azQPGogOv+HeQaVEXC2dk=
golang.org/x/net v0.57.0/go.mod h1:KpXc8iv+r3XplLAG/f7Jsf9RPszJzdR0f58q9vGOuEU=
golang.org/x/sys v0.47.0/go.mod h1:4GL1E5IUh+htKOUEOaiffhrAeqysfVGipDYzABqnCmw=
golang.org/x/text v0.40.0/go.mod h1:hpnzDAfGV753zIKo+wk3u1bVKCGPbrnF7+7LBF/UHVY=
